
Microsoft Visual Studio Solution File, Format Version 12.00
# Visual Studio Version 17
VisualStudioVersion = 17.2.32630.192
MinimumVisualStudioVersion = 10.0.40219.1
Project("{9A19103F-16F7-4668-BE54-9A1E7A4F7556}") = "Template", "Template\Template.csproj", "{46F86E4B-4465-4659-9234-DDD3AF34525C}"
EndProject
Project("{2150E333-8FDC-42A3-9474-1A3956D46DE8}") = "1-WEB", "1-WEB", "{08BEC6DA-AC60-4281-9472-C2366EAE3D4E}"
EndProject
Project("{2150E333-8FDC-42A3-9474-1A3956D46DE8}") = "2-Application", "2-Application", "{248173B6-3797-4CB0-9B08-47F84216E4E6}"
EndProject
Project("{2150E333-8FDC-42A3-9474-1A3956D46DE8}") = "3-Domain", "3-Domain", "{983FBCDE-86C0-48F4-BAD1-4CD38436E626}"
EndProject
Project("{2150E333-8FDC-42A3-9474-1A3956D46DE8}") = "4-Infra", "4-Infra", "{477AFC50-1CAC-469F-97F4-17BD7EDAD1EE}"
EndProject
Project("{9A19103F-16F7-4668-BE54-9A1E7A4F7556}") = "Template.Application", "Template.Application\Template.Application.csproj", "{4028623D-995B-46D9-A14A-7FAE52099131}"
EndProject
Project("{9A19103F-16F7-4668-BE54-9A1E7A4F7556}") = "Template.Domain", "Template.Domain\Template.Domain.csproj", "{C720C61D-C228-4326-9494-C00ABC8F1D55}"
EndProject
Project("{2150E333-8FDC-42A3-9474-1A3956D46DE8}") = "4.1-Data", "4.1-Data", "{57276910-BC15-4E63-B9F7-C0B0E2EC7706}"
EndProject
Project("{2150E333-8FDC-42A3-9474-1A3956D46DE8}") = "4.2-CrossCutting", "4.2-CrossCutting", "{A7F60A04-1562-4C63-A721-1554EC67C491}"
EndProject
Project("{9A19103F-16F7-4668-BE54-9A1E7A4F7556}") = "Template.Data", "Template.Data\Template.Data.csproj", "{3B153D02-7C20-484D-AA2C-370F5A9701A2}"
EndProject
Project("{9A19103F-16F7-4668-BE54-9A1E7A4F7556}") = "Template.IoC", "Template.IoC\Template.IoC.csproj", "{EA743067-C0EB-4948-B40C-371EDAA88A87}"
EndProject
Project("{FAE04EC0-301F-11D3-BF4B-00C04F79EFBC}") = "Template.Swagger", "Template.Swagger\Template.Swagger.csproj", "{29A3FB85-51F6-4964-ADCF-DC6FDBA2BC7E}"
EndProject
Project("{FAE04EC0-301F-11D3-BF4B-00C04F79EFBC}") = "Template.Auth", "Template.Auth\Template.Auth.csproj", "{94392D62-2013-466A-B01C-5A79C1182E89}"
EndProject
Global
	GlobalSection(SolutionConfigurationPlatforms) = preSolution
		Debug|Any CPU = Debug|Any CPU
		Release|Any CPU = Release|Any CPU
	EndGlobalSection
	GlobalSection(ProjectConfigurationPlatforms) = postSolution
		{46F86E4B-4465-4659-9234-DDD3AF34525C}.Debug|Any CPU.ActiveCfg = Debug|Any CPU
		{46F86E4B-4465-4659-9234-DDD3AF34525C}.Debug|Any CPU.Build.0 = Debug|Any CPU
		{46F86E4B-4465-4659-9234-DDD3AF34525C}.Release|Any CPU.ActiveCfg = Release|Any CPU
		{46F86E4B-4465-4659-9234-DDD3AF34525C}.Release|Any CPU.Build.0 = Release|Any CPU
		{4028623D-995B-46D9-A14A-7FAE52099131}.Debug|Any CPU.ActiveCfg = Debug|Any CPU
		{4028623D-995B-46D9-A14A-7FAE52099131}.Debug|Any CPU.Build.0 = Debug|Any CPU
		{4028623D-995B-46D9-A14A-7FAE52099131}.Release|Any CPU.ActiveCfg = Release|Any CPU
		{4028623D-995B-46D9-A14A-7FAE52099131}.Release|Any CPU.Build.0 = Release|Any CPU
		{C720C61D-C228-4326-9494-C00ABC8F1D55}.Debug|Any CPU.ActiveCfg = Debug|Any CPU
		{C720C61D-C228-4326-9494-C00ABC8F1D55}.Debug|Any CPU.Build.0 = Debug|Any CPU
		{C720C61D-C228-4326-9494-C00ABC8F1D55}.Release|Any CPU.ActiveCfg = Release|Any CPU
		{C720C61D-C228-4326-9494-C00ABC8F1D55}.Release|Any CPU.Build.0 = Release|Any CPU
		{3B153D02-7C20-484D-AA2C-370F5A9701A2}.Debug|Any CPU.ActiveCfg = Debug|Any CPU
		{3B153D02-7C20-484D-AA2C-370F5A9701A2}.Debug|Any CPU.Build.0 = Debug|Any CPU
		{3B153D02-7C20-484D-AA2C-370F5A9701A2}.Release|Any CPU.ActiveCfg = Release|Any CPU
		{3B153D02-7C20-484D-AA2C-370F5A9701A2}.Release|Any CPU.Build.0 = Release|Any CPU
		{EA743067-C0EB-4948-B40C-371EDAA88A87}.Debug|Any CPU.ActiveCfg = Debug|Any CPU
		{EA743067-C0EB-4948-B40C-371EDAA88A87}.Debug|Any CPU.Build.0 = Debug|Any CPU
		{EA743067-C0EB-4948-B40C-371EDAA88A87}.Release|Any CPU.ActiveCfg = Release|Any CPU
		{EA743067-C0EB-4948-B40C-371EDAA88A87}.Release|Any CPU.Build.0 = Release|Any CPU
		{29A3FB85-51F6-4964-ADCF-DC6FDBA2BC7E}.Debug|Any CPU.ActiveCfg = Debug|Any CPU
		{29A3FB85-51F6-4964-ADCF-DC6FDBA2BC7E}.Debug|Any CPU.Build.0 = Debug|Any CPU
		{29A3FB85-51F6-4964-ADCF-DC6FDBA2BC7E}.Release|Any CPU.ActiveCfg = Release|Any CPU
		{29A3FB85-51F6-4964-ADCF-DC6FDBA2BC7E}.Release|Any CPU.Build.0 = Release|Any CPU
		{94392D62-2013-466A-B01C-5A79C1182E89}.Debug|Any CPU.ActiveCfg = Debug|Any CPU
		{94392D62-2013-466A-B01C-5A79C1182E89}.Debug|Any CPU.Build.0 = Debug|Any CPU
		{94392D62-2013-466A-B01C-5A79C1182E89}.Release|Any CPU.ActiveCfg = Release|Any CPU
		{94392D62-2013-466A-B01C-5A79C1182E89}.Release|Any CPU.Build.0 = Release|Any CPU
	EndGlobalSection
	GlobalSection(SolutionProperties) = preSolution
		HideSolutionNode = FALSE
	EndGlobalSection
	GlobalSection(NestedProjects) = preSolution
		{46F86E4B-4465-4659-9234-DDD3AF34525C} = {08BEC6DA-AC60-4281-9472-C2366EAE3D4E}
		{4028623D-995B-46D9-A14A-7FAE52099131} = {248173B6-3797-4CB0-9B08-47F84216E4E6}
		{C720C61D-C228-4326-9494-C00ABC8F1D55} = {983FBCDE-86C0-48F4-BAD1-4CD38436E626}
		{57276910-BC15-4E63-B9F7-C0B0E2EC7706} = {477AFC50-1CAC-469F-97F4-17BD7EDAD1EE}
		{A7F60A04-1562-4C63-A721-1554EC67C491} = {477AFC50-1CAC-469F-97F4-17BD7EDAD1EE}
		{3B153D02-7C20-484D-AA2C-370F5A9701A2} = {57276910-BC15-4E63-B9F7-C0B0E2EC7706}
		{EA743067-C0EB-4948-B40C-371EDAA88A87} = {A7F60A04-1562-4C63-A721-1554EC67C491}
		{29A3FB85-51F6-4964-ADCF-DC6FDBA2BC7E} = {A7F60A04-1562-4C63-A721-1554EC67C491}
		{94392D62-2013-466A-B01C-5A79C1182E89} = {A7F60A04-1562-4C63-A721-1554EC67C491}
	EndGlobalSection
	GlobalSection(ExtensibilityGlobals) = postSolution
		SolutionGuid = {C517171E-02D3-42CD-B8BA-362649FB4C27}
	EndGlobalSection
EndGlobal
